
Microsoft Visual Studio Solution File, Format Version 12.00
# Visual Studio 2013
VisualStudioVersion = 12.0.40629.0
MinimumVisualStudioVersion = 10.0.40219.1
Project("{FAE04EC0-301F-11D3-BF4B-00C04F79EFBC}") = "GPPClient", "GPPClient\GPPClient.csproj", "{021C3753-1A8E-4CED-BD09-CB3279E846AA}"
EndProject
Project("{FAE04EC0-301F-11D3-BF4B-00C04F79EFBC}") = "GPPClientDB", "GPPClientDB\GPPClientDB.csproj", "{ABD81819-7003-4286-AF88-7FC0B763C7A3}"
EndProject
Project("{FAE04EC0-301F-11D3-BF4B-00C04F79EFBC}") = "GPPClientDAL", "GPPClientDAL\GPPClientDAL.csproj", "{41148DD5-ED62-40E8-A9E8-9B4EDA2F71DD}"
EndProject
Project("{FAE04EC0-301F-11D3-BF4B-00C04F79EFBC}") = "GPPClientBL", "GPPClientBL\GPPClientBL.csproj", "{088B9B8E-5B13-44AC-87AB-17CF6564740B}"
EndProject
Project("{FAE04EC0-301F-11D3-BF4B-00C04F79EFBC}") = "GPPClientModel", "GPPClientModel\GPPClientModel.csproj", "{00E87E58-E5CC-4B16-8F17-6C47CA4ED46B}"
EndProject
Project("{FAE04EC0-301F-11D3-BF4B-00C04F79EFBC}") = "GPPUtilities", "GPPUtilities\GPPUtilities.csproj", "{FE7D0188-E279-4CD0-BEE7-1064E858F532}"
EndProject
Global
	GlobalSection(SolutionConfigurationPlatforms) = preSolution
		Debug|Any CPU = Debug|Any CPU
		Release|Any CPU = Release|Any CPU
	EndGlobalSection
	GlobalSection(ProjectConfigurationPlatforms) = postSolution
		{021C3753-1A8E-4CED-BD09-CB3279E846AA}.Debug|Any CPU.ActiveCfg = Debug|Any CPU
		{021C3753-1A8E-4CED-BD09-CB3279E846AA}.Debug|Any CPU.Build.0 = Debug|Any CPU
		{021C3753-1A8E-4CED-BD09-CB3279E846AA}.Release|Any CPU.ActiveCfg = Release|Any CPU
		{021C3753-1A8E-4CED-BD09-CB3279E846AA}.Release|Any CPU.Build.0 = Release|Any CPU
		{ABD81819-7003-4286-AF88-7FC0B763C7A3}.Debug|Any CPU.ActiveCfg = Debug|Any CPU
		{ABD81819-7003-4286-AF88-7FC0B763C7A3}.Debug|Any CPU.Build.0 = Debug|Any CPU
		{ABD81819-7003-4286-AF88-7FC0B763C7A3}.Release|Any CPU.ActiveCfg = Release|Any CPU
		{ABD81819-7003-4286-AF88-7FC0B763C7A3}.Release|Any CPU.Build.0 = Release|Any CPU
		{41148DD5-ED62-40E8-A9E8-9B4EDA2F71DD}.Debug|Any CPU.ActiveCfg = Debug|Any CPU
		{41148DD5-ED62-40E8-A9E8-9B4EDA2F71DD}.Debug|Any CPU.Build.0 = Debug|Any CPU
		{41148DD5-ED62-40E8-A9E8-9B4EDA2F71DD}.Release|Any CPU.ActiveCfg = Release|Any CPU
		{41148DD5-ED62-40E8-A9E8-9B4EDA2F71DD}.Release|Any CPU.Build.0 = Release|Any CPU
		{088B9B8E-5B13-44AC-87AB-17CF6564740B}.Debug|Any CPU.ActiveCfg = Debug|Any CPU
		{088B9B8E-5B13-44AC-87AB-17CF6564740B}.Debug|Any CPU.Build.0 = Debug|Any CPU
		{088B9B8E-5B13-44AC-87AB-17CF6564740B}.Release|Any CPU.ActiveCfg = Release|Any CPU
		{088B9B8E-5B13-44AC-87AB-17CF6564740B}.Release|Any CPU.Build.0 = Release|Any CPU
		{00E87E58-E5CC-4B16-8F17-6C47CA4ED46B}.Debug|Any CPU.ActiveCfg = Debug|Any CPU
		{00E87E58-E5CC-4B16-8F17-6C47CA4ED46B}.Debug|Any CPU.Build.0 = Debug|Any CPU
		{00E87E58-E5CC-4B16-8F17-6C47CA4ED46B}.Release|Any CPU.ActiveCfg = Release|Any CPU
		{00E87E58-E5CC-4B16-8F17-6C47CA4ED46B}.Release|Any CPU.Build.0 = Release|Any CPU
		{FE7D0188-E279-4CD0-BEE7-1064E858F532}.Debug|Any CPU.ActiveCfg = Debug|Any CPU
		{FE7D0188-E279-4CD0-BEE7-1064E858F532}.Debug|Any CPU.Build.0 = Debug|Any CPU
		{FE7D0188-E279-4CD0-BEE7-1064E858F532}.Release|Any CPU.ActiveCfg = Release|Any CPU
		{FE7D0188-E279-4CD0-BEE7-1064E858F532}.Release|Any CPU.Build.0 = Release|Any CPU
	EndGlobalSection
	GlobalSection(SolutionProperties) = preSolution
		HideSolutionNode = FALSE
	EndGlobalSection
EndGlobal
